[[package]]
name = "future"
version = "0.18.3"
description = "Clean single-source support for Python 3 and 2"
category = "main"
optional = false
python-versions = ">=2.6, !=3.0.*, !=3.1.*, !=3.2.*"

[metadata]
lock-version = "1.1"
python-versions = "^3.10"
content-hash = "836e3f63e333a2b50e89a1ccf4c786a56ebdd61d173e1d183591a3cedc1625db"

[metadata.files]
future = []
