# This file is automatically @generated by Poetry 1.4.1 and should not be changed by hand.

[[package]]
name = "future"
version = "0.18.3"
description = "Clean single-source support for Python 3 and 2"
category = "main"
optional = false
python-versions = ">=2.6, !=3.0.*, !=3.1.*, !=3.2.*"
files = [
    {file = "future-0.18.3.tar.gz", hash = "sha256:34a17436ed1e96697a86f9de3d15a3b0be01d8bc8de9c1dffd59fb8234ed5307"},
]

[[package]]
name = "ruff"
version = "0.0.259"
description = "An extremely fast Python linter, written in Rust."
category = "dev"
optional = false
python-versions = ">=3.7"
files = [
    {file = "ruff-0.0.259-py3-none-macosx_10_7_x86_64.whl", hash = "sha256:f3938dc45e2a3f818e9cbd53007265c22246fbfded8837b2c563bf0ebde1a226"},
    {file = "ruff-0.0.259-py3-none-macosx_10_9_x86_64.macosx_11_0_arm64.macosx_10_9_universal2.whl", hash = "sha256:22e1e35bf5f12072cd644d22afd9203641ccf258bc14ff91aa1c43dc14f6047d"},
    {file = "ruff-0.0.259-py3-none-manylinux_2_17_aarch64.manylinux2014_aarch64.whl", hash = "sha256:d2fb20e89e85d147c85caa807707a1488bccc1f3854dc3d53533e89b52a0c5ff"},
    {file = "ruff-0.0.259-py3-none-manylinux_2_17_armv7l.manylinux2014_armv7l.whl", hash = "sha256:49e903bcda19f6bb0725a962c058eb5d61f40d84ef52ed53b61939b69402ab4e"},
    {file = "ruff-0.0.259-py3-none-manylinux_2_17_i686.manylinux2014_i686.whl", hash = "sha256:71f0ef1985e9a6696fa97da8459917fa34bdaa2c16bd33bd5edead585b7d44f7"},
    {file = "ruff-0.0.259-py3-none-manylinux_2_17_ppc64.manylinux2014_ppc64.whl", hash = "sha256:7cfef26619cba184d59aa7fa17b48af5891d51fc0b755a9bc533478a10d4d066"},
    {file = "ruff-0.0.259-py3-none-manylinux_2_17_ppc64le.manylinux2014_ppc64le.whl", hash = "sha256:79b02fa17ec1fd8d306ae302cb47fb614b71e1f539997858243769bcbe78c6d9"},
    {file = "ruff-0.0.259-py3-none-manylinux_2_17_s390x.manylinux2014_s390x.whl", hash = "sha256:428507fb321b386dda70d66cd1a8aa0abf51d7c197983d83bb9e4fa5ee60300b"},
    {file = "ruff-0.0.259-py3-none-manylinux_2_17_x86_64.manylinux2014_x86_64.whl", hash = "sha256:c5fbaea9167f1852757f02133e5daacdb8c75b3431343205395da5b10499927a"},
    {file = "ruff-0.0.259-py3-none-musllinux_1_2_aarch64.whl", hash = "sha256:40ae87f2638484b7e8a7567b04a7af719f1c484c5bf132038b702bb32e1f6577"},
    {file = "ruff-0.0.259-py3-none-musllinux_1_2_armv7l.whl", hash = "sha256:29e2b77b7d5da6a7dd5cf9b738b511355c5734ece56f78e500d4b5bffd58c1a0"},
    {file = "ruff-0.0.259-py3-none-musllinux_1_2_i686.whl", hash = "sha256:5b3c1beacf6037e7f0781d4699d9a2dd4ba2462f475be5b1f45cf84c4ba3c69d"},
    {file = "ruff-0.0.259-py3-none-musllinux_1_2_x86_64.whl", hash = "sha256:daaea322e7e85f4c13d82be9536309e1c4b8b9851bb0cbc7eeb15d490fd46bf9"},
    {file = "ruff-0.0.259-py3-none-win32.whl", hash = "sha256:38704f151323aa5858370a2f792e122cc25e5d1aabe7d42ceeab83da18f0b456"},
    {file = "ruff-0.0.259-py3-none-win_amd64.whl", hash = "sha256:aa9449b898287e621942cc71b9327eceb8f0c357e4065fecefb707ef2d978df8"},
    {file = "ruff-0.0.259-py3-none-win_arm64.whl", hash = "sha256:e4f39e18702de69faaaee3969934b92d7467285627f99a5b6ecd55a7d9f5d086"},
    {file = "ruff-0.0.259.tar.gz", hash = "sha256:8b56496063ab3bfdf72339a5fbebb8bd46e5c5fee25ef11a9f03b208fa0562ec"},
]

[metadata]
lock-version = "2.0"
python-versions = "^3.10"
content-hash = "9d53096f5894a8cf82b31c5ba890005d193c091240d2c095edc5b1d4883712d8"
